
Microsoft Visual Studio Solution File, Format Version 12.00
# Visual Studio Version 16
VisualStudioVersion = 16.0.33214.272
MinimumVisualStudioVersion = 10.0.40219.1
Project("{FAE04EC0-301F-11D3-BF4B-00C04F79EFBC}") = "BulkInsertUsingSqlBulkCopy", "BulkInsertUsingSqlBulkCopy\BulkInsertUsingSqlBulkCopy.csproj", "{4405CCFC-098F-4D02-A4A0-DBD7CFA2C7B1}"
EndProject
Global
	GlobalSection(SolutionConfigurationPlatforms) = preSolution
		Debug|Any CPU = Debug|Any CPU
		Release|Any CPU = Release|Any CPU
	EndGlobalSection
	GlobalSection(ProjectConfigurationPlatforms) = postSolution
		{4405CCFC-098F-4D02-A4A0-DBD7CFA2C7B1}.Debug|Any CPU.ActiveCfg = Debug|Any CPU
		{4405CCFC-098F-4D02-A4A0-DBD7CFA2C7B1}.Debug|Any CPU.Build.0 = Debug|Any CPU
		{4405CCFC-098F-4D02-A4A0-DBD7CFA2C7B1}.Release|Any CPU.ActiveCfg = Release|Any CPU
		{4405CCFC-098F-4D02-A4A0-DBD7CFA2C7B1}.Release|Any CPU.Build.0 = Release|Any CPU
	EndGlobalSection
	GlobalSection(SolutionProperties) = preSolution
		HideSolutionNode = FALSE
	EndGlobalSection
	GlobalSection(ExtensibilityGlobals) = postSolution
		SolutionGuid = {70483E6B-4086-49F9-90F2-E250828D6263}
	EndGlobalSection
EndGlobal
